
Microsoft Visual Studio Solution File, Format Version 12.00
# Visual Studio Version 17
VisualStudioVersion = 17.10.34707.107
MinimumVisualStudioVersion = 10.0.40219.1
Project("{9A19103F-16F7-4668-BE54-9A1E7A4F7556}") = "MODotNetCore.ConsoleApp", "MODotNetCore.ConsoleApp\MODotNetCore.ConsoleApp.csproj", "{0008D149-FCC4-400A-B585-EEF90ED01909}"
EndProject
Project("{2150E333-8FDC-42A3-9474-1A3956D46DE8}") = "Documents", "Documents", "{29CD0099-66A1-4022-A029-7E78F9A0225A}"
	ProjectSection(SolutionItems) = preProject
		README.md = README.md
	EndProjectSection
EndProject
Global
	GlobalSection(SolutionConfigurationPlatforms) = preSolution
		Debug|Any CPU = Debug|Any CPU
		Release|Any CPU = Release|Any CPU
	EndGlobalSection
	GlobalSection(ProjectConfigurationPlatforms) = postSolution
		{0008D149-FCC4-400A-B585-EEF90ED01909}.Debug|Any CPU.ActiveCfg = Debug|Any CPU
		{0008D149-FCC4-400A-B585-EEF90ED01909}.Debug|Any CPU.Build.0 = Debug|Any CPU
		{0008D149-FCC4-400A-B585-EEF90ED01909}.Release|Any CPU.ActiveCfg = Release|Any CPU
		{0008D149-FCC4-400A-B585-EEF90ED01909}.Release|Any CPU.Build.0 = Release|Any CPU
	EndGlobalSection
	GlobalSection(SolutionProperties) = preSolution
		HideSolutionNode = FALSE
	EndGlobalSection
	GlobalSection(ExtensibilityGlobals) = postSolution
		SolutionGuid = {769D257C-AB5E-46AA-BFD2-A1764F3B6E1D}
	EndGlobalSection
EndGlobal
